
Microsoft Visual Studio Solution File, Format Version 12.00
# Visual Studio 15
VisualStudioVersion = 15.0.28307.1259
MinimumVisualStudioVersion = 10.0.40219.1
Project("{FAE04EC0-301F-11D3-BF4B-00C04F79EFBC}") = "FinalProject.UI.MVC", "FinalProject.UI.MVC\FinalProject.UI.MVC.csproj", "{4C02FE00-6A1A-43F7-B025-3F808B1152A2}"
EndProject
Project("{FAE04EC0-301F-11D3-BF4B-00C04F79EFBC}") = "FinalProject.DATA.EF", "FinalProject.DATA.EF\FinalProject.DATA.EF.csproj", "{CA445813-A688-4B0A-B2CD-1655816D5F1E}"
EndProject
Global
	GlobalSection(SolutionConfigurationPlatforms) = preSolution
		Debug|Any CPU = Debug|Any CPU
		Release|Any CPU = Release|Any CPU
	EndGlobalSection
	GlobalSection(ProjectConfigurationPlatforms) = postSolution
		{4C02FE00-6A1A-43F7-B025-3F808B1152A2}.Debug|Any CPU.ActiveCfg = Debug|Any CPU
		{4C02FE00-6A1A-43F7-B025-3F808B1152A2}.Debug|Any CPU.Build.0 = Debug|Any CPU
		{4C02FE00-6A1A-43F7-B025-3F808B1152A2}.Release|Any CPU.ActiveCfg = Release|Any CPU
		{4C02FE00-6A1A-43F7-B025-3F808B1152A2}.Release|Any CPU.Build.0 = Release|Any CPU
		{CA445813-A688-4B0A-B2CD-1655816D5F1E}.Debug|Any CPU.ActiveCfg = Debug|Any CPU
		{CA445813-A688-4B0A-B2CD-1655816D5F1E}.Debug|Any CPU.Build.0 = Debug|Any CPU
		{CA445813-A688-4B0A-B2CD-1655816D5F1E}.Release|Any CPU.ActiveCfg = Release|Any CPU
		{CA445813-A688-4B0A-B2CD-1655816D5F1E}.Release|Any CPU.Build.0 = Release|Any CPU
	EndGlobalSection
	GlobalSection(SolutionProperties) = preSolution
		HideSolutionNode = FALSE
	EndGlobalSection
	GlobalSection(ExtensibilityGlobals) = postSolution
		SolutionGuid = {7F4F6D9B-0570-4FC0-8ED0-E3DA24173FF8}
	EndGlobalSection
EndGlobal
